github.com/Bowery/prompt v0.0.0-20190419144237-972d0ceb96f5 h1:7tNlRGC3pUEPKS3DwgX5L0s+cBloaq/JBoi9ceN1MCM=
github.com/Bowery/prompt v0.0.0-20190419144237-972d0ceb96f5/go.mod h1:4/6eNcqZ09BZ9wLK3tZOjBA1nDj+B0728nlX5YRlSmQ=
github.com/dchest/safefile v0.0.0-20151022103144-855e8d98f185 h1:3T8ZyTDp5QxTx3NU48JVb2u+75xc040fofcBaN+6jPA=
github.com/dchest/safefile v0.0.0-20151022103144-855e8d98f185/go.mod h1:cFRxtTwTOJkz2x3rQUNCYKWC93yP1VKjR8NUhqFxZNU=
github.com/fatih/color v1.7.0 h1:DkWD4oS2D8LGGgTQ6IvwJJXSL5Vp2ffcQg58nFV38Ys=
github.com/fatih/color v1.7.0/go.mod h1:Zm6kSWBoL9eyXnKyktHP6abPY2pDugNf5KwzbycvMj4=
github.com/go-yaml/yaml v0.0.0-20181115110504-51d6538a90f8 h1:lMJ4rStmFyGCSg/zzEO1iTNQ8oq7YKFXIQocfGdsrRc=
github.com/go-yaml/yaml v0.0.0-20181115110504-51d6538a90f8/go.mod h1:hI93XBmqTisBFMUTm0b8Fm+jr3Dg1NNxqwp+5A1VGuI=
github.com/golang/crypto v0.0.0-20190427214059-a29dc8fdc73485/go.mod h1:yigFU9vqHzYiE8UmvKecakEJjdnWj3jj499lnFckfCI=
github.com/golang/glog v0.0.0-20160126235308-23def4e6c14b h1:VKtxabqXZkF25pY9ekfRL6a582T4P37/31XEstQ5p58=
github.com/golang/glog v0.0.0-20160126235308-23def4e6c14b/go.mod h1:SBH7ygxi8pfUlaOkMMuAQtPIUF8ecWP5IEl/CR7VP2Q=
github.com/golang/net v0.0.0-20190425155659-4829fb13d2c6 h1:LoPrrfIHFWGtLdLew0SbahiIdAVzt38pM5QIDIu46KA=
github.com/golang/net v0.0.0-20190425155659-4829fb13d2c6/go.mod h1:t9HGtf8HONx5eT2rtn7q6eTqICYqUVnKs3thJo3Qplg=
github.com/golang/protobuf v1.3.1 h1:YF8+flBXS5eO826T4nzqPrxfhQThhXl0YzfuUPu4SBg=
github.com/golang/protobuf v1.3.1/go.mod h1:6lQm79b+lXiMfvg/cZm0SGofjICqVBUtrP5yJMmIC1U=
github.com/golang/sys v0.0.0-20181116152217-5ac8a444bdc5 h1:3g96DNdye4+AjbA98iuSL2NyTSEVv6s0um25vv0lzdw=
github.com/golang/sys v0.0.0-20181116152217-5ac8a444bdc5/go.mod h1:5JyrLPvD/ZdaYkT7IqKhsP5xt7aLjA99KXRtk4EIYDk=
github.com/golang/text v0.3.0/go.mod h1:GUiq9pdJKRKKAZXiVgWFEvocYuREvC14NhI4OPgEjeE=
github.com/google/shlex v0.0.0-20181106134648-c34317bd91bf h1:7+FW5aGwISbqUtkfmIpZJGRgNFg2ioYPvFaUxdqpDsg=
github.com/google/shlex v0.0.0-20181106134648-c34317bd91bf/go.mod h1:RpwtwJQFrIEPstU94h88MWPXP2ektJZ8cZ0YntAmXiE=
github.com/kardianos/govendor v1.0.9 h1:WOH3FcVI9eOgnIZYg96iwUwrL4eOVx+aQ66oyX2R8Yc=
github.com/kardianos/govendor v1.0.9/go.mod h1:yvmR6q9ZZ7nSF5Wvh40v0wfP+3TwwL8zYQp+itoZSVM=
github.com/mattn/go-colorable v0.1.1 h1:G1f5SKeVxmagw/IyvzvtZE4Gybcc4Tr1tf7I8z0XgOg=
github.com/mattn/go-colorable v0.1.1/go.mod h1:FuOcm+DKB9mbwrcAfNl7/TZVBZ6rcnceauSikq3lYCQ=
github.com/mattn/go-isatty v0.0.5/go.mod h1:Iq45c/XA43vh69/j3iqttzPXn0bhXyGjM0Hdxcsrc5s=
github.com/mattn/go-isatty v0.0.7 h1:UvyT9uN+3r7yLEYSlJsbQGdsaB/a0DlgWP3pql6iwOc=
github.com/mattn/go-isatty v0.0.7/go.mod h1:Iq45c/XA43vh69/j3iqttzPXn0bhXyGjM0Hdxcsrc5s=
github.com/pkg/errors v0.8.1 h1:iURUrRGxPUNPdy5/HRSm+Yj6okJ6UtLINN0Q9M4+h3I=
github.com/pkg/errors v0.8.1/go.mod h1:bwawxfHBFNV+L2hUp1rHADufV3IMtnDRdf1r5NINEl0=
gopkg.in/check.v1 v0.0.0-20161208181325-20d25e280405/go.mod h1:Co6ibVJAznAaIkqp8huTwlJQCZ016jof/cbN4VW5Yz0=
